
Microsoft Visual Studio Solution File, Format Version 12.00
# Visual Studio Version 17
VisualStudioVersion = 17.13.35931.197 d17.13
MinimumVisualStudioVersion = 10.0.40219.1
Project("{FAE04EC0-301F-11D3-BF4B-00C04F79EFBC}") = "Zaliczenie", "Zaliczenie\Zaliczenie.csproj", "{CAEE27AC-C38A-41FC-B041-2267A411EFA3}"
EndProject
Global
	GlobalSection(SolutionConfigurationPlatforms) = preSolution
		Debug|Any CPU = Debug|Any CPU
		Release|Any CPU = Release|Any CPU
	EndGlobalSection
	GlobalSection(ProjectConfigurationPlatforms) = postSolution
		{CAEE27AC-C38A-41FC-B041-2267A411EFA3}.Debug|Any CPU.ActiveCfg = Debug|Any CPU
		{CAEE27AC-C38A-41FC-B041-2267A411EFA3}.Debug|Any CPU.Build.0 = Debug|Any CPU
		{CAEE27AC-C38A-41FC-B041-2267A411EFA3}.Release|Any CPU.ActiveCfg = Release|Any CPU
		{CAEE27AC-C38A-41FC-B041-2267A411EFA3}.Release|Any CPU.Build.0 = Release|Any CPU
	EndGlobalSection
	GlobalSection(SolutionProperties) = preSolution
		HideSolutionNode = FALSE
	EndGlobalSection
	GlobalSection(ExtensibilityGlobals) = postSolution
		SolutionGuid = {E63E86CA-D8CC-4022-A67B-438DF90C3E66}
	EndGlobalSection
EndGlobal
